// !$*UTF8*$!
{
	archiveVersion = 1;
	classes = {
	};
	objectVersion = 50;
	objects = {

/* Begin PBXBuildFile section */
		BAE19FE322F27D4200F44AAE /* AppDelegate.swift in Sources */ = {isa = PBXBuildFile; fileRef = BAE19FE222F27D4200F44AAE /* AppDelegate.swift */; };
		BAE19FE522F27D4200F44AAE /* ViewController.swift in Sources */ = {isa = PBXBuildFile; fileRef = BAE19FE422F27D4200F44AAE /* ViewController.swift */; };
		BAE19FE822F27D4200F44AAE /* Main.storyboard in Resources */ = {isa = PBXBuildFile; fileRef = BAE19FE622F27D4200F44AAE /* Main.storyboard */; };
		BAE19FEA22F27D4400F44AAE /* Assets.xcassets in Resources */ = {isa = PBXBuildFile; fileRef = BAE19FE922F27D4400F44AAE /* Assets.xcassets */; };
		BAE19FED22F27D4400F44AAE /* LaunchScreen.storyboard in Resources */ = {isa = PBXBuildFile; fileRef = BAE19FEB22F27D4400F44AAE /* LaunchScreen.storyboard */; };
		BAE19FF822F27D4500F44AAE /* DoorDashTests.swift in Sources */ = {isa = PBXBuildFile; fileRef = BAE19FF722F27D4500F44AAE /* DoorDashTests.swift */; };
/* End PBXBuildFile section */

/* Begin PBXContainerItemProxy section */
		BAE19FF422F27D4500F44AAE /* PBXContainerItemProxy */ = {
			isa = PBXContainerItemProxy;
			containerPortal = BAE19FD722F27D4200F44AAE /* Project object */;
			proxyType = 1;
			remoteGlobalIDString = BAE19FDE22F27D4200F44AAE;
			remoteInfo = DoorDash;
		};
/* End PBXContainerItemProxy section */

/* Begin PBXFileReference section */
		BAE19FDF22F27D4200F44AAE /* DoorDash.app */ = {isa = PBXFileReference; explicitFileType = wrapper.application; includeInIndex = 0; path = DoorDash.app; sourceTree = BUILT_PRODUCTS_DIR; };
		BAE19FE222F27D4200F44AAE /* AppDelegate.swift */ = {isa = PBXFileReference; lastKnownFileType = sourcecode.swift; path = AppDelegate.swift; sourceTree = "<group>"; };
		BAE19FE422F27D4200F44AAE /* ViewController.swift */ = {isa = PBXFileReference; lastKnownFileType = sourcecode.swift; path = ViewController.swift; sourceTree = "<group>"; };
		BAE19FE722F27D4200F44AAE /* Base */ = {isa = PBXFileReference; lastKnownFileType = file.storyboard; name = Base; path = Base.lproj/Main.storyboard; sourceTree = "<group>"; };
		BAE19FE922F27D4400F44AAE /* Assets.xcassets */ = {isa = PBXFileReference; lastKnownFileType = folder.assetcatalog; path = Assets.xcassets; sourceTree = "<group>"; };
		BAE19FEC22F27D4400F44AAE /* Base */ = {isa = PBXFileReference; lastKnownFileType = file.storyboard; name = Base; path = Base.lproj/LaunchScreen.storyboard; sourceTree = "<group>"; };
		BAE19FEE22F27D4400F44AAE /* Info.plist */ = {isa = PBXFileReference; lastKnownFileType = text.plist.xml; path = Info.plist; sourceTree = "<group>"; };
		BAE19FF322F27D4500F44AAE /* DoorDashTests.xctest */ = {isa = PBXFileReference; explicitFileType = wrapper.cfbundle; includeInIndex = 0; path = DoorDashTests.xctest; sourceTree = BUILT_PRODUCTS_DIR; };
		BAE19FF722F27D4500F44AAE /* DoorDashTests.swift */ = {isa = PBXFileReference; lastKnownFileType = sourcecode.swift; path = DoorDashTests.swift; sourceTree = "<group>"; };
		BAE19FF922F27D4500F44AAE /* Info.plist */ = {isa = PBXFileReference; lastKnownFileType = text.plist.xml; path = Info.plist; sourceTree = "<group>"; };
/* End PBXFileReference section */

/* Begin PBXFrameworksBuildPhase section */
		BAE19FDC22F27D4200F44AAE /* Frameworks */ = {
			isa = PBXFrameworksBuildPhase;
			buildActionMask = 2147483647;
			files = (
			);
			runOnlyForDeploymentPostprocessing = 0;
		};
		BAE19FF022F27D4500F44AAE /* Frameworks */ = {
			isa = PBXFrameworksBuildPhase;
			buildActionMask = 2147483647;
			files = (
			);
			runOnlyForDeploymentPostprocessing = 0;
		};
/* End PBXFrameworksBuildPhase section */

/* Begin PBXGroup section */
		BAE19FD622F27D4200F44AAE = {
			isa = PBXGroup;
			children = (
				BAE19FE122F27D4200F44AAE /* DoorDash */,
				BAE19FF622F27D4500F44AAE /* DoorDashTests */,
				BAE19FE022F27D4200F44AAE /* Products */,
			);
			sourceTree = "<group>";
		};
		BAE19FE022F27D4200F44AAE /* Products */ = {
			isa = PBXGroup;
			children = (
				BAE19FDF22F27D4200F44AAE /* DoorDash.app */,
				BAE19FF322F27D4500F44AAE /* DoorDashTests.xctest */,
			);
			name = Products;
			sourceTree = "<group>";
		};
		BAE19FE122F27D4200F44AAE /* DoorDash */ = {
			isa = PBXGroup;
			children = (
				BAE19FE222F27D4200F44AAE /* AppDelegate.swift */,
				BAE19FE422F27D4200F44AAE /* ViewController.swift */,
				BAE19FE622F27D4200F44AAE /* Main.storyboard */,
				BAE19FE922F27D4400F44AAE /* Assets.xcassets */,
				BAE19FEB22F27D4400F44AAE /* LaunchScreen.storyboard */,
				BAE19FEE22F27D4400F44AAE /* Info.plist */,
			);
			path = DoorDash;
			sourceTree = "<group>";
		};
		BAE19FF622F27D4500F44AAE /* DoorDashTests */ = {
			isa = PBXGroup;
			children = (
				BAE19FF722F27D4500F44AAE /* DoorDashTests.swift */,
				BAE19FF922F27D4500F44AAE /* Info.plist */,
			);
			path = DoorDashTests;
			sourceTree = "<group>";
		};
/* End PBXGroup section */

/* Begin PBXNativeTarget section */
		BAE19FDE22F27D4200F44AAE /* DoorDash */ = {
			isa = PBXNativeTarget;
			buildConfigurationList = BAE19FFC22F27D4500F44AAE /* Build configuration list for PBXNativeTarget "DoorDash" */;
			buildPhases = (
				BAE19FDB22F27D4200F44AAE /* Sources */,
				BAE19FDC22F27D4200F44AAE /* Frameworks */,
				BAE19FDD22F27D4200F44AAE /* Resources */,
			);
			buildRules = (
			);
			dependencies = (
			);
			name = DoorDash;
			productName = DoorDash;
			productReference = BAE19FDF22F27D4200F44AAE /* DoorDash.app */;
			productType = "com.apple.product-type.application";
		};
		BAE19FF222F27D4500F44AAE /* DoorDashTests */ = {
			isa = PBXNativeTarget;
			buildConfigurationList = BAE19FFF22F27D4500F44AAE /* Build configuration list for PBXNativeTarget "DoorDashTests" */;
			buildPhases = (
				BAE19FEF22F27D4500F44AAE /* Sources */,
				BAE19FF022F27D4500F44AAE /* Frameworks */,
				BAE19FF122F27D4500F44AAE /* Resources */,
			);
			buildRules = (
			);
			dependencies = (
				BAE19FF522F27D4500F44AAE /* PBXTargetDependency */,
			);
			name = DoorDashTests;
			productName = DoorDashTests;
			productReference = BAE19FF322F27D4500F44AAE /* DoorDashTests.xctest */;
			productType = "com.apple.product-type.bundle.unit-test";
		};
/* End PBXNativeTarget section */

/* Begin PBXProject section */
		BAE19FD722F27D4200F44AAE /* Project object */ = {
			isa = PBXProject;
			attributes = {
				LastSwiftUpdateCheck = 1020;
				LastUpgradeCheck = 1020;
				ORGANIZATIONNAME = "Morris Lam";
				TargetAttributes = {
					BAE19FDE22F27D4200F44AAE = {
						CreatedOnToolsVersion = 10.2.1;
					};
					BAE19FF222F27D4500F44AAE = {
						CreatedOnToolsVersion = 10.2.1;
						TestTargetID = BAE19FDE22F27D4200F44AAE;
					};
				};
			};
			buildConfigurationList = BAE19FDA22F27D4200F44AAE /* Build configuration list for PBXProject "DoorDash" */;
			compatibilityVersion = "Xcode 9.3";
			developmentRegion = en;
			hasScannedForEncodings = 0;
			knownRegions = (
				en,
				Base,
			);
			mainGroup = BAE19FD622F27D4200F44AAE;
			productRefGroup = BAE19FE022F27D4200F44AAE /* Products */;
			projectDirPath = "";
			projectRoot = "";
			targets = (
				BAE19FDE22F27D4200F44AAE /* DoorDash */,
				BAE19FF222F27D4500F44AAE /* DoorDashTests */,
			);
		};
/* End PBXProject section */

/* Begin PBXResourcesBuildPhase section */
		BAE19FDD22F27D4200F44AAE /* Resources */ = {
			isa = PBXResourcesBuildPhase;
			buildActionMask = 2147483647;
			files = (
				BAE19FED22F27D4400F44AAE /* LaunchScreen.storyboard in Resources */,
				BAE19FEA22F27D4400F44AAE /* Assets.xcassets in Resources */,
				BAE19FE822F27D4200F44AAE /* Main.storyboard in Resources */,
			);
			runOnlyForDeploymentPostprocessing = 0;
		};
		BAE19FF122F27D4500F44AAE /* Resources */ = {
			isa = PBXResourcesBuildPhase;
			buildActionMask = 2147483647;
			files = (
			);
			runOnlyForDeploymentPostprocessing = 0;
		};
/* End PBXResourcesBuildPhase section */

/* Begin PBXSourcesBuildPhase section */
		BAE19FDB22F27D4200F44AAE /* Sources */ = {
			isa = PBXSourcesBuildPhase;
			buildActionMask = 2147483647;
			files = (
				BAE19FE522F27D4200F44AAE /* ViewController.swift in Sources */,
				BAE19FE322F27D4200F44AAE /* AppDelegate.swift in Sources */,
			);
			runOnlyForDeploymentPostprocessing = 0;
		};
		BAE19FEF22F27D4500F44AAE /* Sources */ = {
			isa = PBXSourcesBuildPhase;
			buildActionMask = 2147483647;
			files = (
				BAE19FF822F27D4500F44AAE /* DoorDashTests.swift in Sources */,
			);
			runOnlyForDeploymentPostprocessing = 0;
		};
/* End PBXSourcesBuildPhase section */

/* Begin PBXTargetDependency section */
		BAE19FF522F27D4500F44AAE /* PBXTargetDependency */ = {
			isa = PBXTargetDependency;
			target = BAE19FDE22F27D4200F44AAE /* DoorDash */;
			targetProxy = BAE19FF422F27D4500F44AAE /* PBXContainerItemProxy */;
		};
/* End PBXTargetDependency section */

/* Begin PBXVariantGroup section */
		BAE19FE622F27D4200F44AAE /* Main.storyboard */ = {
			isa = PBXVariantGroup;
			children = (
				BAE19FE722F27D4200F44AAE /* Base */,
			);
			name = Main.storyboard;
			sourceTree = "<group>";
		};
		BAE19FEB22F27D4400F44AAE /* LaunchScreen.storyboard */ = {
			isa = PBXVariantGroup;
			children = (
				BAE19FEC22F27D4400F44AAE /* Base */,
			);
			name = LaunchScreen.storyboard;
			sourceTree = "<group>";
		};
/* End PBXVariantGroup section */

/* Begin XCBuildConfiguration section */
		BAE19FFA22F27D4500F44AAE /* Debug */ = {
			isa = XCBuildConfiguration;
			buildSettings = {
				ALWAYS_SEARCH_USER_PATHS = NO;
				CLANG_ANALYZER_NONNULL = YES;
				CLANG_ANALYZER_NUMBER_OBJECT_CONVERSION = YES_AGGRESSIVE;
				CLANG_CXX_LANGUAGE_STANDARD = "gnu++14";
				CLANG_CXX_LIBRARY = "libc++";
				CLANG_ENABLE_MODULES = YES;
				CLANG_ENABLE_OBJC_ARC = YES;
				CLANG_ENABLE_OBJC_WEAK = YES;
				CLANG_WARN_BLOCK_CAPTURE_AUTORELEASING = YES;
				CLANG_WARN_BOOL_CONVERSION = YES;
				CLANG_WARN_COMMA = YES;
				CLANG_WARN_CONSTANT_CONVERSION = YES;
				CLANG_WARN_DEPRECATED_OBJC_IMPLEMENTATIONS = YES;
				CLANG_WARN_DIRECT_OBJC_ISA_USAGE = YES_ERROR;
				CLANG_WARN_DOCUMENTATION_COMMENTS = YES;
				CLANG_WARN_EMPTY_BODY = YES;
				CLANG_WARN_ENUM_CONVERSION = YES;
				CLANG_WARN_INFINITE_RECURSION = YES;
				CLANG_WARN_INT_CONVERSION = YES;
				CLANG_WARN_NON_LITERAL_NULL_CONVERSION = YES;
				CLANG_WARN_OBJC_IMPLICIT_RETAIN_SELF = YES;
				CLANG_WARN_OBJC_LITERAL_CONVERSION = YES;
				CLANG_WARN_OBJC_ROOT_CLASS = YES_ERROR;
				CLANG_WARN_RANGE_LOOP_ANALYSIS = YES;
				CLANG_WARN_STRICT_PROTOTYPES = YES;
				CLANG_WARN_SUSPICIOUS_MOVE = YES;
				CLANG_WARN_UNGUARDED_AVAILABILITY = YES_AGGRESSIVE;
				CLANG_WARN_UNREACHABLE_CODE = YES;
				CLANG_WARN__DUPLICATE_METHOD_MATCH = YES;
				CODE_SIGN_IDENTITY = "iPhone Developer";
				COPY_PHASE_STRIP = NO;
				DEBUG_INFORMATION_FORMAT = dwarf;
				ENABLE_STRICT_OBJC_MSGSEND = YES;
				ENABLE_TESTABILITY = YES;
				GCC_C_LANGUAGE_STANDARD = gnu11;
				GCC_DYNAMIC_NO_PIC = NO;
				GCC_NO_COMMON_BLOCKS = YES;
				GCC_OPTIMIZATION_LEVEL = 0;
				GCC_PREPROCESSOR_DEFINITIONS = (
					"DEBUG=1",
					"$(inherited)",
				);
				GCC_WARN_64_TO_32_BIT_CONVERSION = YES;
				GCC_WARN_ABOUT_RETURN_TYPE = YES_ERROR;
				GCC_WARN_UNDECLARED_SELECTOR = YES;
				GCC_WARN_UNINITIALIZED_AUTOS = YES_AGGRESSIVE;
				GCC_WARN_UNUSED_FUNCTION = YES;
				GCC_WARN_UNUSED_VARIABLE = YES;
				IPHONEOS_DEPLOYMENT_TARGET = 12.2;
				MTL_ENABLE_DEBUG_INFO = INCLUDE_SOURCE;
				MTL_FAST_MATH = YES;
				ONLY_ACTIVE_ARCH = YES;
				SDKROOT = iphoneos;
				SWIFT_ACTIVE_COMPILATION_CONDITIONS = DEBUG;
				SWIFT_OPTIMIZATION_LEVEL = "-Onone";
			};
			name = Debug;
		};
		BAE19FFB22F27D4500F44AAE /* Release */ = {
			isa = XCBuildConfiguration;
			buildSettings = {
				ALWAYS_SEARCH_USER_PATHS = NO;
				CLANG_ANALYZER_NONNULL = YES;
				CLANG_ANALYZER_NUMBER_OBJECT_CONVERSION = YES_AGGRESSIVE;
				CLANG_CXX_LANGUAGE_STANDARD = "gnu++14";
				CLANG_CXX_LIBRARY = "libc++";
				CLANG_ENABLE_MODULES = YES;
				CLANG_ENABLE_OBJC_ARC = YES;
				CLANG_ENABLE_OBJC_WEAK = YES;
				CLANG_WARN_BLOCK_CAPTURE_AUTORELEASING = YES;
				CLANG_WARN_BOOL_CONVERSION = YES;
				CLANG_WARN_COMMA = YES;
				CLANG_WARN_CONSTANT_CONVERSION = YES;
				CLANG_WARN_DEPRECATED_OBJC_IMPLEMENTATIONS = YES;
				CLANG_WARN_DIRECT_OBJC_ISA_USAGE = YES_ERROR;
				CLANG_WARN_DOCUMENTATION_COMMENTS = YES;
				CLANG_WARN_EMPTY_BODY = YES;
				CLANG_WARN_ENUM_CONVERSION = YES;
				CLANG_WARN_INFINITE_RECURSION = YES;
				CLANG_WARN_INT_CONVERSION = YES;
				CLANG_WARN_NON_LITERAL_NULL_CONVERSION = YES;
				CLANG_WARN_OBJC_IMPLICIT_RETAIN_SELF = YES;
				CLANG_WARN_OBJC_LITERAL_CONVERSION = YES;
				CLANG_WARN_OBJC_ROOT_CLASS = YES_ERROR;
				CLANG_WARN_RANGE_LOOP_ANALYSIS = YES;
				CLANG_WARN_STRICT_PROTOTYPES = YES;
				CLANG_WARN_SUSPICIOUS_MOVE = YES;
				CLANG_WARN_UNGUARDED_AVAILABILITY = YES_AGGRESSIVE;
				CLANG_WARN_UNREACHABLE_CODE = YES;
				CLANG_WARN__DUPLICATE_METHOD_MATCH = YES;
				CODE_SIGN_IDENTITY = "iPhone Developer";
				COPY_PHASE_STRIP = NO;
				DEBUG_INFORMATION_FORMAT = "dwarf-with-dsym";
				ENABLE_NS_ASSERTIONS = NO;
				ENABLE_STRICT_OBJC_MSGSEND = YES;
				GCC_C_LANGUAGE_STANDARD = gnu11;
				GCC_NO_COMMON_BLOCKS = YES;
				GCC_WARN_64_TO_32_BIT_CONVERSION = YES;
				GCC_WARN_ABOUT_RETURN_TYPE = YES_ERROR;
				GCC_WARN_UNDECLARED_SELECTOR = YES;
				GCC_WARN_UNINITIALIZED_AUTOS = YES_AGGRESSIVE;
				GCC_WARN_UNUSED_FUNCTION = YES;
				GCC_WARN_UNUSED_VARIABLE = YES;
				IPHONEOS_DEPLOYMENT_TARGET = 12.2;
				MTL_ENABLE_DEBUG_INFO = NO;
				MTL_FAST_MATH = YES;
				SDKROOT = iphoneos;
				SWIFT_COMPILATION_MODE = wholemodule;
				SWIFT_OPTIMIZATION_LEVEL = "-O";
				VALIDATE_PRODUCT = YES;
			};
			name = Release;
		};
		BAE19FFD22F27D4500F44AAE /* Debug */ = {
			isa = XCBuildConfiguration;
			buildSettings = {
				ASSETCATALOG_COMPILER_APPICON_NAME = AppIcon;
				CODE_SIGN_STYLE = Automatic;
				INFOPLIST_FILE = DoorDash/Info.plist;
				LD_RUNPATH_SEARCH_PATHS = (
					"$(inherited)",
					"@executable_path/Frameworks",
				);
				PRODUCT_BUNDLE_IDENTIFIER = com.lammorris.DoorDash;
				PRODUCT_NAME = "$(TARGET_NAME)";
				SWIFT_VERSION = 5.0;
				TARGETED_DEVICE_FAMILY = "1,2";
			};
			name = Debug;
		};
		BAE19FFE22F27D4500F44AAE /* Release */ = {
			isa = XCBuildConfiguration;
			buildSettings = {
				ASSETCATALOG_COMPILER_APPICON_NAME = AppIcon;
				CODE_SIGN_STYLE = Automatic;
				INFOPLIST_FILE = DoorDash/Info.plist;
				LD_RUNPATH_SEARCH_PATHS = (
					"$(inherited)",
					"@executable_path/Frameworks",
				);
				PRODUCT_BUNDLE_IDENTIFIER = com.lammorris.DoorDash;
				PRODUCT_NAME = "$(TARGET_NAME)";
				SWIFT_VERSION = 5.0;
				TARGETED_DEVICE_FAMILY = "1,2";
			};
			name = Release;
		};
		BAE1A00022F27D4500F44AAE /* Debug */ = {
			isa = XCBuildConfiguration;
			buildSettings = {
				ALWAYS_EMBED_SWIFT_STANDARD_LIBRARIES = YES;
				BUNDLE_LOADER = "$(TEST_HOST)";
				CODE_SIGN_STYLE = Automatic;
				INFOPLIST_FILE = DoorDashTests/Info.plist;
				LD_RUNPATH_SEARCH_PATHS = (
					"$(inherited)",
					"@executable_path/Frameworks",
					"@loader_path/Frameworks",
				);
				PRODUCT_BUNDLE_IDENTIFIER = com.lammorris.DoorDashTests;
				PRODUCT_NAME = "$(TARGET_NAME)";
				SWIFT_VERSION = 5.0;
				TARGETED_DEVICE_FAMILY = "1,2";
				TEST_HOST = "$(BUILT_PRODUCTS_DIR)/DoorDash.app/DoorDash";
			};
			name = Debug;
		};
		BAE1A00122F27D4500F44AAE /* Release */ = {
			isa = XCBuildConfiguration;
			buildSettings = {
				ALWAYS_EMBED_SWIFT_STANDARD_LIBRARIES = YES;
				BUNDLE_LOADER = "$(TEST_HOST)";
				CODE_SIGN_STYLE = Automatic;
				INFOPLIST_FILE = DoorDashTests/Info.plist;
				LD_RUNPATH_SEARCH_PATHS = (
					"$(inherited)",
					"@executable_path/Frameworks",
					"@loader_path/Frameworks",
				);
				PRODUCT_BUNDLE_IDENTIFIER = com.lammorris.DoorDashTests;
				PRODUCT_NAME = "$(TARGET_NAME)";
				SWIFT_VERSION = 5.0;
				TARGETED_DEVICE_FAMILY = "1,2";
				TEST_HOST = "$(BUILT_PRODUCTS_DIR)/DoorDash.app/DoorDash";
			};
			name = Release;
		};
/* End XCBuildConfiguration section */

/* Begin XCConfigurationList section */
		BAE19FDA22F27D4200F44AAE /* Build configuration list for PBXProject "DoorDash" */ = {
			isa = XCConfigurationList;
			buildConfigurations = (
				BAE19FFA22F27D4500F44AAE /* Debug */,
				BAE19FFB22F27D4500F44AAE /* Release */,
			);
			defaultConfigurationIsVisible = 0;
			defaultConfigurationName = Release;
		};
		BAE19FFC22F27D4500F44AAE /* Build configuration list for PBXNativeTarget "DoorDash" */ = {
			isa = XCConfigurationList;
			buildConfigurations = (
				BAE19FFD22F27D4500F44AAE /* Debug */,
				BAE19FFE22F27D4500F44AAE /* Release */,
			);
			defaultConfigurationIsVisible = 0;
			defaultConfigurationName = Release;
		};
		BAE19FFF22F27D4500F44AAE /* Build configuration list for PBXNativeTarget "DoorDashTests" */ = {
			isa = XCConfigurationList;
			buildConfigurations = (
				BAE1A00022F27D4500F44AAE /* Debug */,
				BAE1A00122F27D4500F44AAE /* Release */,
			);
			defaultConfigurationIsVisible = 0;
			defaultConfigurationName = Release;
		};
/* End XCConfigurationList section */
	};
	rootObject = BAE19FD722F27D4200F44AAE /* Project object */;
}
